
Microsoft Visual Studio Solution File, Format Version 12.00
# Visual Studio 2012
Project("{FAE04EC0-301F-11D3-BF4B-00C04F79EFBC}") = "TweetsApi", "TweetsApi\TweetsApi.csproj", "{53172C0B-3BFD-4B97-B160-643F007B7016}"
EndProject
Global
	GlobalSection(SolutionConfigurationPlatforms) = preSolution
		Debug|x86 = Debug|x86
		Release|x86 = Release|x86
	EndGlobalSection
	GlobalSection(ProjectConfigurationPlatforms) = postSolution
		{53172C0B-3BFD-4B97-B160-643F007B7016}.Debug|x86.ActiveCfg = Debug|x86
		{53172C0B-3BFD-4B97-B160-643F007B7016}.Debug|x86.Build.0 = Debug|x86
		{53172C0B-3BFD-4B97-B160-643F007B7016}.Release|x86.ActiveCfg = Release|x86
		{53172C0B-3BFD-4B97-B160-643F007B7016}.Release|x86.Build.0 = Release|x86
	EndGlobalSection
EndGlobal
